
Microsoft Visual Studio Solution File, Format Version 12.00
# Visual Studio Version 16
VisualStudioVersion = 16.0.30907.101
MinimumVisualStudioVersion = 10.0.40219.1
Project("{FAE04EC0-301F-11D3-BF4B-00C04F79EFBC}") = "Demon6", "Demon6\Demon6.csproj", "{0D778D48-AF02-46CF-9C8F-A13D060B2649}"
EndProject
Global
	GlobalSection(SolutionConfigurationPlatforms) = preSolution
		Debug|Any CPU = Debug|Any CPU
		Release|Any CPU = Release|Any CPU
	EndGlobalSection
	GlobalSection(ProjectConfigurationPlatforms) = postSolution
		{0D778D48-AF02-46CF-9C8F-A13D060B2649}.Debug|Any CPU.ActiveCfg = Debug|Any CPU
		{0D778D48-AF02-46CF-9C8F-A13D060B2649}.Debug|Any CPU.Build.0 = Debug|Any CPU
		{0D778D48-AF02-46CF-9C8F-A13D060B2649}.Release|Any CPU.ActiveCfg = Release|Any CPU
		{0D778D48-AF02-46CF-9C8F-A13D060B2649}.Release|Any CPU.Build.0 = Release|Any CPU
	EndGlobalSection
	GlobalSection(SolutionProperties) = preSolution
		HideSolutionNode = FALSE
	EndGlobalSection
	GlobalSection(ExtensibilityGlobals) = postSolution
		SolutionGuid = {73E1157A-ED2D-4D0B-B81A-526D72ABC5A6}
	EndGlobalSection
EndGlobal
